PODS:
  - GRDB.swift (6.24.1):
    - GRDB.swift/standard (= 6.24.1)
  - GRDB.swift/SQLCipher (6.24.1):
    - SQLCipher (>= 3.4.2)
  - GRDB.swift/standard (6.24.1)
  - Parchment (4.0.0)
  - ReachabilitySwift (5.2.3)
  - SQLCipher (4.5.7):
    - SQLCipher/standard (= 4.5.7)
  - SQLCipher/common (4.5.7)
  - SQLCipher/standard (4.5.7):
    - SQLCipher/common

DEPENDENCIES:
  - GRDB.swift
  - GRDB.swift/SQLCipher
  - Parchment (= 4.0.0)
  - ReachabilitySwift (= 5.2.3)

SPEC REPOS:
  trunk:
    - GRDB.swift
    - Parchment
    - ReachabilitySwift
    - SQLCipher

SPEC CHECKSUMS:
  GRDB.swift: 136dcb5d8dddca50aae3ba7d77475f79e7232cd8
  Parchment: 60038b444208afbcfd7c7d5b7d7accc0c036ab2c
  ReachabilitySwift: 7f151ff156cea1481a8411701195ac6a984f4979
  SQLCipher: 5e6bfb47323635c8b657b1b27d25c5f1baf63bf5

PODFILE CHECKSUM: bd1d1f2d348bf6f2bbd74af24b58589f96a82ab8

COCOAPODS: 1.15.2
